
Microsoft Visual Studio Solution File, Format Version 12.00
# Visual Studio 14
VisualStudioVersion = 14.0.25420.1
MinimumVisualStudioVersion = 10.0.40219.1
Project("{FAE04EC0-301F-11D3-BF4B-00C04F79EFBC}") = "Donjon", "Donjon\Donjon.csproj", "{D9BD6801-E3A9-44CF-9652-B38B4EF27155}"
EndProject
Project("{FAE04EC0-301F-11D3-BF4B-00C04F79EFBC}") = "Lib", "Lib\Lib.csproj", "{3C50662E-B1F8-4432-B2B3-AEE85FAB1407}"
EndProject
Project("{FAE04EC0-301F-11D3-BF4B-00C04F79EFBC}") = "LibTests", "LibTests\LibTests.csproj", "{D448BE9E-366D-4B42-BDFD-CC5EBC8C7AF4}"
EndProject
Global
	GlobalSection(SolutionConfigurationPlatforms) = preSolution
		Debug|Any CPU = Debug|Any CPU
		Release|Any CPU = Release|Any CPU
	EndGlobalSection
	GlobalSection(ProjectConfigurationPlatforms) = postSolution
		{D9BD6801-E3A9-44CF-9652-B38B4EF27155}.Debug|Any CPU.ActiveCfg = Debug|Any CPU
		{D9BD6801-E3A9-44CF-9652-B38B4EF27155}.Debug|Any CPU.Build.0 = Debug|Any CPU
		{D9BD6801-E3A9-44CF-9652-B38B4EF27155}.Release|Any CPU.ActiveCfg = Release|Any CPU
		{D9BD6801-E3A9-44CF-9652-B38B4EF27155}.Release|Any CPU.Build.0 = Release|Any CPU
		{3C50662E-B1F8-4432-B2B3-AEE85FAB1407}.Debug|Any CPU.ActiveCfg = Debug|Any CPU
		{3C50662E-B1F8-4432-B2B3-AEE85FAB1407}.Debug|Any CPU.Build.0 = Debug|Any CPU
		{3C50662E-B1F8-4432-B2B3-AEE85FAB1407}.Release|Any CPU.ActiveCfg = Release|Any CPU
		{3C50662E-B1F8-4432-B2B3-AEE85FAB1407}.Release|Any CPU.Build.0 = Release|Any CPU
		{D448BE9E-366D-4B42-BDFD-CC5EBC8C7AF4}.Debug|Any CPU.ActiveCfg = Debug|Any CPU
		{D448BE9E-366D-4B42-BDFD-CC5EBC8C7AF4}.Debug|Any CPU.Build.0 = Debug|Any CPU
		{D448BE9E-366D-4B42-BDFD-CC5EBC8C7AF4}.Release|Any CPU.ActiveCfg = Release|Any CPU
		{D448BE9E-366D-4B42-BDFD-CC5EBC8C7AF4}.Release|Any CPU.Build.0 = Release|Any CPU
	EndGlobalSection
	GlobalSection(SolutionProperties) = preSolution
		HideSolutionNode = FALSE
	EndGlobalSection
EndGlobal
